
Microsoft Visual Studio Solution File, Format Version 12.00
# Visual Studio Version 17
VisualStudioVersion = 17.5.33530.505
MinimumVisualStudioVersion = 10.0.40219.1
Project("{FAE04EC0-301F-11D3-BF4B-00C04F79EFBC}") = "FirstConsoleApp", "FirstConsoleApp\FirstConsoleApp.csproj", "{985FE417-AED5-4C8B-8F36-B9EDF6E51042}"
EndProject
Global
	GlobalSection(SolutionConfigurationPlatforms) = preSolution
		Debug|Any CPU = Debug|Any CPU
		Release|Any CPU = Release|Any CPU
	EndGlobalSection
	GlobalSection(ProjectConfigurationPlatforms) = postSolution
		{985FE417-AED5-4C8B-8F36-B9EDF6E51042}.Debug|Any CPU.ActiveCfg = Debug|Any CPU
		{985FE417-AED5-4C8B-8F36-B9EDF6E51042}.Debug|Any CPU.Build.0 = Debug|Any CPU
		{985FE417-AED5-4C8B-8F36-B9EDF6E51042}.Release|Any CPU.ActiveCfg = Release|Any CPU
		{985FE417-AED5-4C8B-8F36-B9EDF6E51042}.Release|Any CPU.Build.0 = Release|Any CPU
	EndGlobalSection
	GlobalSection(SolutionProperties) = preSolution
		HideSolutionNode = FALSE
	EndGlobalSection
	GlobalSection(ExtensibilityGlobals) = postSolution
		SolutionGuid = {F906DD59-7BFF-4FA3-B9C3-D4E39A49C82A}
	EndGlobalSection
EndGlobal
